
Microsoft Visual Studio Solution File, Format Version 12.00
# Visual Studio Version 17
VisualStudioVersion = 17.5.2.0
MinimumVisualStudioVersion = 10.0.40219.1
Project("{2150E333-8FDC-42A3-9474-1A3956D46DE8}") = "Infrastructure", "Infrastructure", "{DFEE68D8-A7D0-1A41-506C-9B74AA9A7B7B}"
EndProject
Project("{FAE04EC0-301F-11D3-BF4B-00C04F79EFBC}") = "infrastructure", "Infrastructure\infrastructure.csproj", "{C10E956D-D6F1-4372-974F-DCFAA145E6E1}"
EndProject
Project("{2150E333-8FDC-42A3-9474-1A3956D46DE8}") = "WebApiAdmin", "WebApiAdmin", "{77B47023-460D-62A5-998F-2C40F83540DC}"
EndProject
Project("{FAE04EC0-301F-11D3-BF4B-00C04F79EFBC}") = "webapiadmin", "WebApiAdmin\webapiadmin.csproj", "{221B2C06-1C02-450F-AA0C-87EBD37EEBCF}"
EndProject
Project("{2150E333-8FDC-42A3-9474-1A3956D46DE8}") = "WebApiCostumer", "WebApiCostumer", "{BA6566A5-3789-5042-87B1-22C3BBC4B66C}"
EndProject
Project("{FAE04EC0-301F-11D3-BF4B-00C04F79EFBC}") = "webapicostumer", "WebApiCostumer\webapicostumer.csproj", "{B2442992-6C81-49F8-9659-B149345AD33C}"
EndProject
Project("{2150E333-8FDC-42A3-9474-1A3956D46DE8}") = "Core", "Core", "{FBF56CC3-7AE6-AD2D-3F14-7F97FD322CD6}"
EndProject
Project("{FAE04EC0-301F-11D3-BF4B-00C04F79EFBC}") = "core", "Core\core.csproj", "{17D977A5-44EC-4BCB-8020-7A97EEAD9B54}"
EndProject
Project("{FAE04EC0-301F-11D3-BF4B-00C04F79EFBC}") = "Web", "Web\Web.csproj", "{08329876-6DDC-4772-91CF-5F5A72A4ED8A}"
EndProject
Global
	GlobalSection(SolutionConfigurationPlatforms) = preSolution
		Debug|Any CPU = Debug|Any CPU
		Debug|x64 = Debug|x64
		Debug|x86 = Debug|x86
		Release|Any CPU = Release|Any CPU
		Release|x64 = Release|x64
		Release|x86 = Release|x86
	EndGlobalSection
	GlobalSection(ProjectConfigurationPlatforms) = postSolution
		{C10E956D-D6F1-4372-974F-DCFAA145E6E1}.Debug|Any CPU.ActiveCfg = Debug|Any CPU
		{C10E956D-D6F1-4372-974F-DCFAA145E6E1}.Debug|Any CPU.Build.0 = Debug|Any CPU
		{C10E956D-D6F1-4372-974F-DCFAA145E6E1}.Debug|x64.ActiveCfg = Debug|Any CPU
		{C10E956D-D6F1-4372-974F-DCFAA145E6E1}.Debug|x64.Build.0 = Debug|Any CPU
		{C10E956D-D6F1-4372-974F-DCFAA145E6E1}.Debug|x86.ActiveCfg = Debug|Any CPU
		{C10E956D-D6F1-4372-974F-DCFAA145E6E1}.Debug|x86.Build.0 = Debug|Any CPU
		{C10E956D-D6F1-4372-974F-DCFAA145E6E1}.Release|Any CPU.ActiveCfg = Release|Any CPU
		{C10E956D-D6F1-4372-974F-DCFAA145E6E1}.Release|Any CPU.Build.0 = Release|Any CPU
		{C10E956D-D6F1-4372-974F-DCFAA145E6E1}.Release|x64.ActiveCfg = Release|Any CPU
		{C10E956D-D6F1-4372-974F-DCFAA145E6E1}.Release|x64.Build.0 = Release|Any CPU
		{C10E956D-D6F1-4372-974F-DCFAA145E6E1}.Release|x86.ActiveCfg = Release|Any CPU
		{C10E956D-D6F1-4372-974F-DCFAA145E6E1}.Release|x86.Build.0 = Release|Any CPU
		{221B2C06-1C02-450F-AA0C-87EBD37EEBCF}.Debug|Any CPU.ActiveCfg = Debug|Any CPU
		{221B2C06-1C02-450F-AA0C-87EBD37EEBCF}.Debug|Any CPU.Build.0 = Debug|Any CPU
		{221B2C06-1C02-450F-AA0C-87EBD37EEBCF}.Debug|x64.ActiveCfg = Debug|Any CPU
		{221B2C06-1C02-450F-AA0C-87EBD37EEBCF}.Debug|x64.Build.0 = Debug|Any CPU
		{221B2C06-1C02-450F-AA0C-87EBD37EEBCF}.Debug|x86.ActiveCfg = Debug|Any CPU
		{221B2C06-1C02-450F-AA0C-87EBD37EEBCF}.Debug|x86.Build.0 = Debug|Any CPU
		{221B2C06-1C02-450F-AA0C-87EBD37EEBCF}.Release|Any CPU.ActiveCfg = Release|Any CPU
		{221B2C06-1C02-450F-AA0C-87EBD37EEBCF}.Release|Any CPU.Build.0 = Release|Any CPU
		{221B2C06-1C02-450F-AA0C-87EBD37EEBCF}.Release|x64.ActiveCfg = Release|Any CPU
		{221B2C06-1C02-450F-AA0C-87EBD37EEBCF}.Release|x64.Build.0 = Release|Any CPU
		{221B2C06-1C02-450F-AA0C-87EBD37EEBCF}.Release|x86.ActiveCfg = Release|Any CPU
		{221B2C06-1C02-450F-AA0C-87EBD37EEBCF}.Release|x86.Build.0 = Release|Any CPU
		{B2442992-6C81-49F8-9659-B149345AD33C}.Debug|Any CPU.ActiveCfg = Debug|Any CPU
		{B2442992-6C81-49F8-9659-B149345AD33C}.Debug|Any CPU.Build.0 = Debug|Any CPU
		{B2442992-6C81-49F8-9659-B149345AD33C}.Debug|x64.ActiveCfg = Debug|Any CPU
		{B2442992-6C81-49F8-9659-B149345AD33C}.Debug|x64.Build.0 = Debug|Any CPU
		{B2442992-6C81-49F8-9659-B149345AD33C}.Debug|x86.ActiveCfg = Debug|Any CPU
		{B2442992-6C81-49F8-9659-B149345AD33C}.Debug|x86.Build.0 = Debug|Any CPU
		{B2442992-6C81-49F8-9659-B149345AD33C}.Release|Any CPU.ActiveCfg = Release|Any CPU
		{B2442992-6C81-49F8-9659-B149345AD33C}.Release|Any CPU.Build.0 = Release|Any CPU
		{B2442992-6C81-49F8-9659-B149345AD33C}.Release|x64.ActiveCfg = Release|Any CPU
		{B2442992-6C81-49F8-9659-B149345AD33C}.Release|x64.Build.0 = Release|Any CPU
		{B2442992-6C81-49F8-9659-B149345AD33C}.Release|x86.ActiveCfg = Release|Any CPU
		{B2442992-6C81-49F8-9659-B149345AD33C}.Release|x86.Build.0 = Release|Any CPU
		{17D977A5-44EC-4BCB-8020-7A97EEAD9B54}.Debug|Any CPU.ActiveCfg = Debug|Any CPU
		{17D977A5-44EC-4BCB-8020-7A97EEAD9B54}.Debug|Any CPU.Build.0 = Debug|Any CPU
		{17D977A5-44EC-4BCB-8020-7A97EEAD9B54}.Debug|x64.ActiveCfg = Debug|Any CPU
		{17D977A5-44EC-4BCB-8020-7A97EEAD9B54}.Debug|x64.Build.0 = Debug|Any CPU
		{17D977A5-44EC-4BCB-8020-7A97EEAD9B54}.Debug|x86.ActiveCfg = Debug|Any CPU
		{17D977A5-44EC-4BCB-8020-7A97EEAD9B54}.Debug|x86.Build.0 = Debug|Any CPU
		{17D977A5-44EC-4BCB-8020-7A97EEAD9B54}.Release|Any CPU.ActiveCfg = Release|Any CPU
		{17D977A5-44EC-4BCB-8020-7A97EEAD9B54}.Release|Any CPU.Build.0 = Release|Any CPU
		{17D977A5-44EC-4BCB-8020-7A97EEAD9B54}.Release|x64.ActiveCfg = Release|Any CPU
		{17D977A5-44EC-4BCB-8020-7A97EEAD9B54}.Release|x64.Build.0 = Release|Any CPU
		{17D977A5-44EC-4BCB-8020-7A97EEAD9B54}.Release|x86.ActiveCfg = Release|Any CPU
		{17D977A5-44EC-4BCB-8020-7A97EEAD9B54}.Release|x86.Build.0 = Release|Any CPU
		{08329876-6DDC-4772-91CF-5F5A72A4ED8A}.Debug|Any CPU.ActiveCfg = Debug|Any CPU
		{08329876-6DDC-4772-91CF-5F5A72A4ED8A}.Debug|Any CPU.Build.0 = Debug|Any CPU
		{08329876-6DDC-4772-91CF-5F5A72A4ED8A}.Debug|x64.ActiveCfg = Debug|Any CPU
		{08329876-6DDC-4772-91CF-5F5A72A4ED8A}.Debug|x64.Build.0 = Debug|Any CPU
		{08329876-6DDC-4772-91CF-5F5A72A4ED8A}.Debug|x86.ActiveCfg = Debug|Any CPU
		{08329876-6DDC-4772-91CF-5F5A72A4ED8A}.Debug|x86.Build.0 = Debug|Any CPU
		{08329876-6DDC-4772-91CF-5F5A72A4ED8A}.Release|Any CPU.ActiveCfg = Release|Any CPU
		{08329876-6DDC-4772-91CF-5F5A72A4ED8A}.Release|Any CPU.Build.0 = Release|Any CPU
		{08329876-6DDC-4772-91CF-5F5A72A4ED8A}.Release|x64.ActiveCfg = Release|Any CPU
		{08329876-6DDC-4772-91CF-5F5A72A4ED8A}.Release|x64.Build.0 = Release|Any CPU
		{08329876-6DDC-4772-91CF-5F5A72A4ED8A}.Release|x86.ActiveCfg = Release|Any CPU
		{08329876-6DDC-4772-91CF-5F5A72A4ED8A}.Release|x86.Build.0 = Release|Any CPU
	EndGlobalSection
	GlobalSection(SolutionProperties) = preSolution
		HideSolutionNode = FALSE
	EndGlobalSection
	GlobalSection(NestedProjects) = preSolution
		{C10E956D-D6F1-4372-974F-DCFAA145E6E1} = {DFEE68D8-A7D0-1A41-506C-9B74AA9A7B7B}
		{221B2C06-1C02-450F-AA0C-87EBD37EEBCF} = {77B47023-460D-62A5-998F-2C40F83540DC}
		{B2442992-6C81-49F8-9659-B149345AD33C} = {BA6566A5-3789-5042-87B1-22C3BBC4B66C}
		{17D977A5-44EC-4BCB-8020-7A97EEAD9B54} = {FBF56CC3-7AE6-AD2D-3F14-7F97FD322CD6}
	EndGlobalSection
	GlobalSection(ExtensibilityGlobals) = postSolution
		SolutionGuid = {D842D777-1946-4784-AED4-89653DFAEF18}
	EndGlobalSection
EndGlobal
